# This file was autogenerated by uv via the following command:
#    uv pip compile tools/requirements.txt --python-version 3.12 --python-platform windows --generate-hashes --no-annotate --output-file tools/requirements.lock
bibtexparser==2.1.0 \
    --hash=sha256:3b4b1de50ce45ee9091ccca72e1efc8732ab3ef615b70bcecc537c17cd84753e \
    --hash=sha256:9f48851eef4693cb7ef6897f7628966c5d0ef49b6403b13a862679a4c313d176
cvc5==1.3.1 \
    --hash=sha256:0f62eb3a097f84138f76540585a398a11790767ce86ce836fd6ae8c96608843f \
    --hash=sha256:124b44da8c52db792a9936171ae4298139918083679e9ff10425dc3a9ff0dfa8 \
    --hash=sha256:14369351a444f19b25629830c9b7d08af60a18d0882afa4def971a8c4aac6fdf \
    --hash=sha256:1d7972b38ea8775ecf70fec9be4eb89e0d35017eec4eabc8065375db7d4bf30a \
    --hash=sha256:1f9936778efd6c2a6f943dbdd721bb6b43b18f6692d8a31d85c3de6a16bbeb11 \
    --hash=sha256:22af3c04c152e34b2e8f83f5823f6210f738e4ba088943882401bdd95f6883bd \
    --hash=sha256:23172ffa79e0762566178555b55cefe0263630bc1e348853b08e54b2b0ee3567 \
    --hash=sha256:2eb8bfdd6d253618ef4d6d9f4d6a0390abbcd57eca836e21d97b4d13157ed2d6 \
    --hash=sha256:3265675af16cc4d10ce41802bcbc4b1e62c4bcd922bbcbb2dc4de2fabc8fe72a \
    --hash=sha256:3abe2fac25b1bd637153e4cd4648bbee600306a034f9e94c69e599d1a55b6bae \
    --hash=sha256:3b6475b25abeef9bca13a361e72e3fb29f4357d5726e7a71f21216a3b5526863 \
    --hash=sha256:3dddd48fc1c804ab62a5f733c199a2714f3d8d0aad075202fa8836eb57b58b7d \
    --hash=sha256:42060eb70cda7c1b6f983d798520690ea83d5244eb151b531483094cb4d34c26 \
    --hash=sha256:4331bcf0c8337c3918693bc62a747808339f3ddf409f94edab09795f9a9d8915 \
    --hash=sha256:48b31bc2a74bc885ce5c04e3d9203909366eb4b9c6b686439812b7c2b5c88afa \
    --hash=sha256:5557405daabc68a07035902d61d49141a532de366ada133b7738906653300851 \
    --hash=sha256:5b3f65d3f27423d76422360cfe07bc72fcbcc97cf336e967002a7728ccf428d4 \
    --hash=sha256:60ab25c228036459508e7e52c5e4c64ac37a605739a764e67593f6420dce1678 \
    --hash=sha256:66b4b1472e331ca678b13f78cbb73ac069d37d7f7015af8c244e398a04bc7a91 \
    --hash=sha256:6ad759037de7430da1749e11c96b111b99ae032af72b00731585006b476a3a66 \
    --hash=sha256:6cf849bba29aa7bde0758b48e2bf680f108e37843a10613cdc9f3ad1783cba79 \
    --hash=sha256:707d33b190416a5e07c4644bb716a6aedab74dccb2e3949d68218c7b74e371fb \
    --hash=sha256:718b293476aaf238a924573df9bcd57d1957adeeec4cb916e368cc7cdbe2a4b8 \
    --hash=sha256:728f52bc26d93952a4943d4004df4170bd0aa09c82c96fc459401038254a4005 \
    --hash=sha256:7dffb83d629b82da84119903437bc452d31585059a29619f58a03fe41a10935b \
    --hash=sha256:830d60c7d3fa6f5d1a03d8fb9d5c2c290f85115e6a23d8d7b81fa9f8eb92c5fb \
    --hash=sha256:8365273ebfac02d3d28a24d52828592dfcd5937d58190297d4964d44d2362408 \
    --hash=sha256:85a6c5ad50fc8a8ac4c99217311b3f1467006d2c7db6cf144a6ad9cff195c090 \
    --hash=sha256:89c025e3485bd8ddcd1e8e0439a884e20bf2fa3b610a402433c0494783688a7e \
    --hash=sha256:9bf0bf91904c14fde196e31bcb2308b9d193c194a9cd4cbe64e57af33d4c3b5f \
    --hash=sha256:9c17e8df15a90f0f5a5e5d9b24825f782fac7805308fe634f7dc2ecc9830bf0a \
    --hash=sha256:9c8feace39494e3d404fbdca19b9ddbef6d115d7f43254678460bce35c308252 \
    --hash=sha256:a56942b099885867ecd370b68edacd91c428547a05d620699c842a70c0aed68d \
    --hash=sha256:a67814ca55eb1768b81a348efaf6d1a0c4340a01e8410ca81a7db88255beb2a9 \
    --hash=sha256:bacf9e53b7f0f6a2fbe42dfd4f8d666db851eba23375eb53f7c6edc7b1653424 \
    --hash=sha256:bc18bb29d3804cf268373ce4316a445308d14cb5df62db83641958535d7cd891 \
    --hash=sha256:c1c23270e807a6d1e8b3b79e3ab7268a2382a024d1827afe81d2d8a4fe653356 \
    --hash=sha256:c26f59a743251d97b5349b2c18211aa368fd9fe01bbd45d309dd2714dc0bb4e0 \
    --hash=sha256:d0e62feafabbbeda19768281b6a47aa9e1bc577fb619036ffd1d2325ccdb65f0 \
    --hash=sha256:d127a2d628749b09882f6590af92aaa8e1d092ed57a83fa608de112f7d3066c1 \
    --hash=sha256:d42415364b2ea15f719d0b339d0ecd6410821877cefe70747f1ea96e8cf872af \
    --hash=sha256:d603d50c5c42abd685bfacc1f30090cf62a7919539b5989bf2bad102d742b762 \
    --hash=sha256:d7f8683a6f6a1795c0ce2ae26c6db9a121cc5dba6c9ee1671f3a5fa67d3107c5 \
    --hash=sha256:d96d93ac6e659dfdb705e9d89232a4db71f0ec5cf209742caee4f1476ced8a31 \
    --hash=sha256:dbb3d1c242cf8a6c9fc979bc86b39869b90c5560faf842dbf6cb2f6bae4855c0 \
    --hash=sha256:e28cf2735983086cad95d1448938a923abbcf9359f654df6d20b6f4c39e578b0 \
    --hash=sha256:e2919497f8f77c2ababca00a8cf71375db9bb6fcab00727aaabf8613c33fbcf2 \
    --hash=sha256:e5047e038e7104480c4e51a2f2fecc135737d39c1c421627fc254e4d4456d76a \
    --hash=sha256:e74ff6c8a5d6bb2bc6d351702b9037f43a232d8257cc589e828a2e15def98586 \
    --hash=sha256:e9ac0061e359c658e4cc826b290e8dd511a597ccb72b23104f2595a9cd897dc5 \
    --hash=sha256:ea6c403a64bc43b9f060a42ffffa20e46538eb6750e03cea8e3479426acadfd5 \
    --hash=sha256:ec29191d5efd04000dc6fa696e993e50601743e5ad3b16b82fb8670a40bd026d \
    --hash=sha256:ecad271f727bfe3e2b852ea3a051fc0ed772d08eb5e36dc36ef268030b220514 \
    --hash=sha256:fa9d8a7646a1da8a4a15f34a6be41396ec4689440fe491a520dae16a4c9ec9ee \
    --hash=sha256:fd36f2a5ecc6bdae52d7b02b98e9720ae69bd9f1f6f1870ee3c2d407b51907f1 \
    --hash=sha256:ff8f97ea1b6706ea8d1a184ede461433b2816b7c78c553f161d5d227e91a7d7a \
    --hash=sha256:ffdb195de69925d7a1cace66c46470e9ed7a61cb56b53056d306244fb793a1ce
pylatexenc==2.11 \
    --hash=sha256:305a072a99ce736246049c9da05841b9d718c0f7ea8888f5f596cf15cb621053 \
    --hash=sha256:e78e7391d6c104f1ed150e21cfaa58016cdb50aa54406a2eecb793649ffdfdd0
pymupdf==1.28.2 \
    --hash=sha256:2e1b574c0fd2cb238021033fd3c0f9c4388816638df064e4bfb56d9d81736dc8 \
    --hash=sha256:3050a233dde1211efe89ada74e2add6238436434159f46097a1423aad2842545 \
    --hash=sha256:397d6715c1f0df7548a92d0afd8ce370fc48fa47aeefac16be2bc04a16a8227f \
    --hash=sha256:530ef543a3885b3b81cb72a854e7c5a625a9233201221132bb6c31698c6a2bdb \
    --hash=sha256:5e0be7908a715aa20333caddd73f1d6f01e4cd0c26e869fa2dd0b7f344da2249 \
    --hash=sha256:5fc315b425ff1f7afdd1ea2f348205cb19b806767daae7ce4d64115799c2bae1 \
    --hash=sha256:7113846b35dbf0a033f088e4f4fb543dabeb4b0b12c112966a1ca1ee2d5eacae \
    --hash=sha256:ebd244918798502d7b4504c90410d1711a4d7675a32584ca30f1bab419ecbffe \
    --hash=sha256:f89fb2d86d07d643a269f17a093105057e20c79c1d06c103b53600067b6d2b01 \
    --hash=sha256:fd481ed48bef56305c41fb7e05a055c03345c899c7b101dad086258b438f8168 \
    --hash=sha256:ffe91a24edc75c80da2a4b62f50fc0f54632d34fc8fe4cbc48e5c7ff07cf8fb4
pyyaml==6.0.3 \
    --hash=sha256:00c4bdeba853cc34e7dd471f16b4114f4162dc03e6b7afcc2128711f0eca823c \
    --hash=sha256:0150219816b6a1fa26fb4699fb7daa9caf09eb1999f3b70fb6e786805e80375a \
    --hash=sha256:02893d100e99e03eda1c8fd5c441d8c60103fd175728e23e431db1b589cf5ab3 \
    --hash=sha256:02ea2dfa234451bbb8772601d7b8e426c2bfa197136796224e50e35a78777956 \
    --hash=sha256:0f29edc409a6392443abf94b9cf89ce99889a1dd5376d94316ae5145dfedd5d6 \
    --hash=sha256:10892704fc220243f5305762e276552a0395f7beb4dbf9b14ec8fd43b57f126c \
    --hash=sha256:16249ee61e95f858e83976573de0f5b2893b3677ba71c9dd36b9cf8be9ac6d65 \
    --hash=sha256:1d37d57ad971609cf3c53ba6a7e365e40660e3be0e5175fa9f2365a379d6095a \
    --hash=sha256:1ebe39cb5fc479422b83de611d14e2c0d3bb2a18bbcb01f229ab3cfbd8fee7a0 \
    --hash=sha256:214ed4befebe12df36bcc8bc2b64b396ca31be9304b8f59e25c11cf94a4c033b \
    --hash=sha256:2283a07e2c21a2aa78d9c4442724ec1eb15f5e42a723b99cb3d822d48f5f7ad1 \
    --hash=sha256:22ba7cfcad58ef3ecddc7ed1db3409af68d023b7f940da23c6c2a1890976eda6 \
    --hash=sha256:27c0abcb4a5dac13684a37f76e701e054692a9b2d3064b70f5e4eb54810553d7 \
    --hash=sha256:28c8d926f98f432f88adc23edf2e6d4921ac26fb084b028c733d01868d19007e \
    --hash=sha256:2e71d11abed7344e42a8849600193d15b6def118602c4c176f748e4583246007 \
    --hash=sha256:34d5fcd24b8445fadc33f9cf348c1047101756fd760b4dacb5c3e99755703310 \
    --hash=sha256:37503bfbfc9d2c40b344d06b2199cf0e96e97957ab1c1b546fd4f87e53e5d3e4 \
    --hash=sha256:3c5677e12444c15717b902a5798264fa7909e41153cdf9ef7ad571b704a63dd9 \
    --hash=sha256:3ff07ec89bae51176c0549bc4c63aa6202991da2d9a6129d7aef7f1407d3f295 \
    --hash=sha256:41715c910c881bc081f1e8872880d3c650acf13dfa8214bad49ed4cede7c34ea \
    --hash=sha256:418cf3f2111bc80e0933b2cd8cd04f286338bb88bdc7bc8e6dd775ebde60b5e0 \
    --hash=sha256:44edc647873928551a01e7a563d7452ccdebee747728c1080d881d68af7b997e \
    --hash=sha256:4a2e8cebe2ff6ab7d1050ecd59c25d4c8bd7e6f400f5f82b96557ac0abafd0ac \
    --hash=sha256:4ad1906908f2f5ae4e5a8ddfce73c320c2a1429ec52eafd27138b7f1cbe341c9 \
    --hash=sha256:501a031947e3a9025ed4405a168e6ef5ae3126c59f90ce0cd6f2bfc477be31b7 \
    --hash=sha256:5190d403f121660ce8d1d2c1bb2ef1bd05b5f68533fc5c2ea899bd15f4399b35 \
    --hash=sha256:5498cd1645aa724a7c71c8f378eb29ebe23da2fc0d7a08071d89469bf1d2defb \
    --hash=sha256:5cf4e27da7e3fbed4d6c3d8e797387aaad68102272f8f9752883bc32d61cb87b \
    --hash=sha256:5e0b74767e5f8c593e8c9b5912019159ed0533c70051e9cce3e8b6aa699fcd69 \
    --hash=sha256:5ed875a24292240029e4483f9d4a4b8a1ae08843b9c54f43fcc11e404532a8a5 \
    --hash=sha256:5fcd34e47f6e0b794d17de1b4ff496c00986e1c83f7ab2fb8fcfe9616ff7477b \
    --hash=sha256:5fdec68f91a0c6739b380c83b951e2c72ac0197ace422360e6d5a959d8d97b2c \
    --hash=sha256:6344df0d5755a2c9a276d4473ae6b90647e216ab4757f8426893b5dd2ac3f369 \
    --hash=sha256:64386e5e707d03a7e172c0701abfb7e10f0fb753ee1d773128192742712a98fd \
    --hash=sha256:652cb6edd41e718550aad172851962662ff2681490a8a711af6a4d288dd96824 \
    --hash=sha256:66291b10affd76d76f54fad28e22e51719ef9ba22b29e1d7d03d6777a9174198 \
    --hash=sha256:66e1674c3ef6f541c35191caae2d429b967b99e02040f5ba928632d9a7f0f065 \
    --hash=sha256:6adc77889b628398debc7b65c073bcb99c4a0237b248cacaf3fe8a557563ef6c \
    --hash=sha256:79005a0d97d5ddabfeeea4cf676af11e647e41d81c9a7722a193022accdb6b7c \
    --hash=sha256:7c6610def4f163542a622a73fb39f534f8c101d690126992300bf3207eab9764 \
    --hash=sha256:7f047e29dcae44602496db43be01ad42fc6f1cc0d8cd6c83d342306c32270196 \
    --hash=sha256:8098f252adfa6c80ab48096053f512f2321f0b998f98150cea9bd23d83e1467b \
    --hash=sha256:850774a7879607d3a6f50d36d04f00ee69e7fc816450e5f7e58d7f17f1ae5c00 \
    --hash=sha256:8d1fab6bb153a416f9aeb4b8763bc0f22a5586065f86f7664fc23339fc1c1fac \
    --hash=sha256:8da9669d359f02c0b91ccc01cac4a67f16afec0dac22c2ad09f46bee0697eba8 \
    --hash=sha256:8dc52c23056b9ddd46818a57b78404882310fb473d63f17b07d5c40421e47f8e \
    --hash=sha256:9149cad251584d5fb4981be1ecde53a1ca46c891a79788c0df828d2f166bda28 \
    --hash=sha256:93dda82c9c22deb0a405ea4dc5f2d0cda384168e466364dec6255b293923b2f3 \
    --hash=sha256:96b533f0e99f6579b3d4d4995707cf36df9100d67e0c8303a0c55b27b5f99bc5 \
    --hash=sha256:9c57bb8c96f6d1808c030b1687b9b5fb476abaa47f0db9c0101f5e9f394e97f4 \
    --hash=sha256:9c7708761fccb9397fe64bbc0395abcae8c4bf7b0eac081e12b809bf47700d0b \
    --hash=sha256:9f3bfb4965eb874431221a3ff3fdcddc7e74e3b07799e0e84ca4a0f867d449bf \
    --hash=sha256:a33284e20b78bd4a18c8c2282d549d10bc8408a2a7ff57653c0cf0b9be0afce5 \
    --hash=sha256:a80cb027f6b349846a3bf6d73b5e95e782175e52f22108cfa17876aaeff93702 \
    --hash=sha256:b30236e45cf30d2b8e7b3e85881719e98507abed1011bf463a8fa23e9c3e98a8 \
    --hash=sha256:b3bc83488de33889877a0f2543ade9f70c67d66d9ebb4ac959502e12de895788 \
    --hash=sha256:b865addae83924361678b652338317d1bd7e79b1f4596f96b96c77a5a34b34da \
    --hash=sha256:b8bb0864c5a28024fac8a632c443c87c5aa6f215c0b126c449ae1a150412f31d \
    --hash=sha256:ba1cc08a7ccde2d2ec775841541641e4548226580ab850948cbfda66a1befcdc \
    --hash=sha256:bdb2c67c6c1390b63c6ff89f210c8fd09d9a1217a465701eac7316313c915e4c \
    --hash=sha256:c1ff362665ae507275af2853520967820d9124984e0f7466736aea23d8611fba \
    --hash=sha256:c2514fceb77bc5e7a2f7adfaa1feb2fb311607c9cb518dbc378688ec73d8292f \
    --hash=sha256:c3355370a2c156cffb25e876646f149d5d68f5e0a3ce86a5084dd0b64a994917 \
    --hash=sha256:c458b6d084f9b935061bc36216e8a69a7e293a2f1e68bf956dcd9e6cbcd143f5 \
    --hash=sha256:d0eae10f8159e8fdad514efdc92d74fd8d682c933a6dd088030f3834bc8e6b26 \
    --hash=sha256:d76623373421df22fb4cf8817020cbb7ef15c725b9d5e45f17e189bfc384190f \
    --hash=sha256:ebc55a14a21cb14062aa4162f906cd962b28e2e9ea38f9b4391244cd8de4ae0b \
    --hash=sha256:eda16858a3cab07b80edaf74336ece1f986ba330fdb8ee0d6c0d68fe82bc96be \
    --hash=sha256:ee2922902c45ae8ccada2c5b501ab86c36525b883eff4255313a253a3160861c \
    --hash=sha256:efd7b85f94a6f21e4932043973a7ba2613b059c4a000551892ac9f1d11f5baf3 \
    --hash=sha256:f7057c9a337546edc7973c0d3ba84ddcdf0daa14533c2065749c9075001090e6 \
    --hash=sha256:fa160448684b4e94d80416c0fa4aac48967a969efe22931448d853ada8baf926 \
    --hash=sha256:fc09d0aa354569bc501d4e787133afc08552722d3ab34836a80547331bb5d4a0
z3-solver==5.1.0.0 \
    --hash=sha256:069feb3ecfa0cbf40524b6a06bf0a02d604e1710bd42012ac197e2e343e39cc0 \
    --hash=sha256:1561efd36e06f4cb7cbf11b63a2fba8fc8fdeb9c5754df90c84f9bd7a4864552 \
    --hash=sha256:1dcfcccb4b027951d7adf267b5b236e7a67b8433cc358d802dcb0280151587bf \
    --hash=sha256:269a0bf62949d227a16ab42afee6750f18477e173a14de6aeaf8789f33f813b5 \
    --hash=sha256:399a38a85d784105e5df5a05c04a581481bfdb80af7424779cf76fa843b4e66c \
    --hash=sha256:9d0b597974c7b514d91e881fe02f71d8b31c40dd4b7f5cdf01b40dd5510c4def \
    --hash=sha256:c5a9e796dd77e4bafcc8c70bdbe44194db2d5d3feb9e62881bf071a3745f852e \
    --hash=sha256:c78fb5fdb4f625775f640a731743f908dce610b2e576c698396cd2294209aee1 \
    --hash=sha256:d49a91527dc4f65e4a5a938b86a16937decadcbdbd806833d28ce25eb24cd3a9 \
    --hash=sha256:dfad9e309d7010b1ff6bdb33f21570a1603ef4727373221c7117a74448f0cfef
